
Microsoft Visual Studio Solution File, Format Version 12.00
# Visual Studio 2013
VisualStudioVersion = 12.0.21005.1
MinimumVisualStudioVersion = 10.0.40219.1
Project("{FAE04EC0-301F-11D3-BF4B-00C04F79EFBC}") = "TravelRegistrationSystem.WinFormUI", "TravelRegistrationSystem.WinFormUI\TravelRegistrationSystem.WinFormUI.csproj", "{230B46E2-5AEB-47AC-879C-7B7DBC9F8149}"
EndProject
Project("{FAE04EC0-301F-11D3-BF4B-00C04F79EFBC}") = "TravelRegistrationSystem.Domain", "TravelRegistrationSystem.Domain\TravelRegistrationSystem.Domain.csproj", "{C51EC813-FF54-443D-BE86-6603DBB38F57}"
EndProject
Global
	GlobalSection(SolutionConfigurationPlatforms) = preSolution
		Debug|Any CPU = Debug|Any CPU
		Release|Any CPU = Release|Any CPU
	EndGlobalSection
	GlobalSection(ProjectConfigurationPlatforms) = postSolution
		{230B46E2-5AEB-47AC-879C-7B7DBC9F8149}.Debug|Any CPU.ActiveCfg = Debug|Any CPU
		{230B46E2-5AEB-47AC-879C-7B7DBC9F8149}.Debug|Any CPU.Build.0 = Debug|Any CPU
		{230B46E2-5AEB-47AC-879C-7B7DBC9F8149}.Release|Any CPU.ActiveCfg = Release|Any CPU
		{230B46E2-5AEB-47AC-879C-7B7DBC9F8149}.Release|Any CPU.Build.0 = Release|Any CPU
		{C51EC813-FF54-443D-BE86-6603DBB38F57}.Debug|Any CPU.ActiveCfg = Debug|Any CPU
		{C51EC813-FF54-443D-BE86-6603DBB38F57}.Debug|Any CPU.Build.0 = Debug|Any CPU
		{C51EC813-FF54-443D-BE86-6603DBB38F57}.Release|Any CPU.ActiveCfg = Release|Any CPU
		{C51EC813-FF54-443D-BE86-6603DBB38F57}.Release|Any CPU.Build.0 = Release|Any CPU
	EndGlobalSection
	GlobalSection(SolutionProperties) = preSolution
		HideSolutionNode = FALSE
	EndGlobalSection
EndGlobal
